// !$*UTF8*$!
{
	archiveVersion = 1;
	classes = {
	};
	objectVersion = 56;
	objects = {

/* Begin PBXBuildFile section */
		535FC65C2914E2C20098DFFD /* MovieListCell.swift in Sources */ = {isa = PBXBuildFile; fileRef = 535FC65B2914E2C20098DFFD /* MovieListCell.swift */; };
		535FC6602914E2DD0098DFFD /* MovieDetailScreen.swift in Sources */ = {isa = PBXBuildFile; fileRef = 535FC65F2914E2DD0098DFFD /* MovieDetailScreen.swift */; };
		535FC6622914E2F30098DFFD /* MovieViewModel.swift in Sources */ = {isa = PBXBuildFile; fileRef = 535FC6612914E2F30098DFFD /* MovieViewModel.swift */; };
		535FC6652914E3390098DFFD /* NetworkConstant.swift in Sources */ = {isa = PBXBuildFile; fileRef = 535FC6642914E3390098DFFD /* NetworkConstant.swift */; };
		535FC6682914E35F0098DFFD /* HomeExtension.swift in Sources */ = {isa = PBXBuildFile; fileRef = 535FC6672914E35F0098DFFD /* HomeExtension.swift */; };
		535FC66A2914E3840098DFFD /* MovieDetailModel.swift in Sources */ = {isa = PBXBuildFile; fileRef = 535FC6692914E3840098DFFD /* MovieDetailModel.swift */; };
		539F405729184DED009E3F90 /* AppDelegate.swift in Sources */ = {isa = PBXBuildFile; fileRef = 539F405629184DED009E3F90 /* AppDelegate.swift */; };
		539F405929185A0E009E3F90 /* MovieHomeController.swift in Sources */ = {isa = PBXBuildFile; fileRef = 539F405829185A0E009E3F90 /* MovieHomeController.swift */; };
		53D248DD29072E7C0063E2AD /* SceneDelegate.swift in Sources */ = {isa = PBXBuildFile; fileRef = 53D248DC29072E7C0063E2AD /* SceneDelegate.swift */; };
		53D248E429072E7D0063E2AD /* Assets.xcassets in Resources */ = {isa = PBXBuildFile; fileRef = 53D248E329072E7D0063E2AD /* Assets.xcassets */; };
		53D248E729072E7D0063E2AD /* LaunchScreen.storyboard in Resources */ = {isa = PBXBuildFile; fileRef = 53D248E529072E7D0063E2AD /* LaunchScreen.storyboard */; };
		53D248FD290736960063E2AD /* SnapKit in Frameworks */ = {isa = PBXBuildFile; productRef = 53D248FC290736960063E2AD /* SnapKit */; };
		53D24900290737540063E2AD /* Alamofire in Frameworks */ = {isa = PBXBuildFile; productRef = 53D248FF290737540063E2AD /* Alamofire */; };
		53D249032907377A0063E2AD /* Kingfisher in Frameworks */ = {isa = PBXBuildFile; productRef = 53D249022907377A0063E2AD /* Kingfisher */; };
		53D2490529073B740063E2AD /* MovieModel.swift in Sources */ = {isa = PBXBuildFile; fileRef = 53D2490429073B740063E2AD /* MovieModel.swift */; };
		53DCD1C0290877240062309A /* WebService.swift in Sources */ = {isa = PBXBuildFile; fileRef = 53DCD1BF290877240062309A /* WebService.swift */; };
		53DCD1C3290879100062309A /* Constant.swift in Sources */ = {isa = PBXBuildFile; fileRef = 53DCD1C2290879100062309A /* Constant.swift */; };
/* End PBXBuildFile section */

/* Begin PBXFileReference section */
		535FC65B2914E2C20098DFFD /* MovieListCell.swift */ = {isa = PBXFileReference; lastKnownFileType = sourcecode.swift; path = MovieListCell.swift; sourceTree = "<group>"; };
		535FC65F2914E2DD0098DFFD /* MovieDetailScreen.swift */ = {isa = PBXFileReference; lastKnownFileType = sourcecode.swift; path = MovieDetailScreen.swift; sourceTree = "<group>"; };
		535FC6612914E2F30098DFFD /* MovieViewModel.swift */ = {isa = PBXFileReference; lastKnownFileType = sourcecode.swift; path = MovieViewModel.swift; sourceTree = "<group>"; };
		535FC6642914E3390098DFFD /* NetworkConstant.swift */ = {isa = PBXFileReference; lastKnownFileType = sourcecode.swift; path = NetworkConstant.swift; sourceTree = "<group>"; };
		535FC6672914E35F0098DFFD /* HomeExtension.swift */ = {isa = PBXFileReference; lastKnownFileType = sourcecode.swift; path = HomeExtension.swift; sourceTree = "<group>"; };
		535FC6692914E3840098DFFD /* MovieDetailModel.swift */ = {isa = PBXFileReference; lastKnownFileType = sourcecode.swift; path = MovieDetailModel.swift; sourceTree = "<group>"; };
		539F405629184DED009E3F90 /* AppDelegate.swift */ = {isa = PBXFileReference; fileEncoding = 4; lastKnownFileType = sourcecode.swift; path = AppDelegate.swift; sourceTree = "<group>"; };
		539F405829185A0E009E3F90 /* MovieHomeController.swift */ = {isa = PBXFileReference; lastKnownFileType = sourcecode.swift; path = MovieHomeController.swift; sourceTree = "<group>"; };
		53D248D729072E7C0063E2AD /* MyMovieApp.app */ = {isa = PBXFileReference; explicitFileType = wrapper.application; includeInIndex = 0; path = MyMovieApp.app; sourceTree = BUILT_PRODUCTS_DIR; };
		53D248DC29072E7C0063E2AD /* SceneDelegate.swift */ = {isa = PBXFileReference; lastKnownFileType = sourcecode.swift; path = SceneDelegate.swift; sourceTree = "<group>"; };
		53D248E329072E7D0063E2AD /* Assets.xcassets */ = {isa = PBXFileReference; lastKnownFileType = folder.assetcatalog; path = Assets.xcassets; sourceTree = "<group>"; };
		53D248E629072E7D0063E2AD /* Base */ = {isa = PBXFileReference; lastKnownFileType = file.storyboard; name = Base; path = Base.lproj/LaunchScreen.storyboard; sourceTree = "<group>"; };
		53D248E829072E7D0063E2AD /* Info.plist */ = {isa = PBXFileReference; lastKnownFileType = text.plist.xml; path = Info.plist; sourceTree = "<group>"; };
		53D2490429073B740063E2AD /* MovieModel.swift */ = {isa = PBXFileReference; lastKnownFileType = sourcecode.swift; path = MovieModel.swift; sourceTree = "<group>"; };
		53DCD1BF290877240062309A /* WebService.swift */ = {isa = PBXFileReference; lastKnownFileType = sourcecode.swift; path = WebService.swift; sourceTree = "<group>"; };
		53DCD1C2290879100062309A /* Constant.swift */ = {isa = PBXFileReference; lastKnownFileType = sourcecode.swift; path = Constant.swift; sourceTree = "<group>"; };
/* End PBXFileReference section */

/* Begin PBXFrameworksBuildPhase section */
		53D248D429072E7C0063E2AD /* Frameworks */ = {
			isa = PBXFrameworksBuildPhase;
			buildActionMask = 2147483647;
			files = (
				53D249032907377A0063E2AD /* Kingfisher in Frameworks */,
				53D248FD290736960063E2AD /* SnapKit in Frameworks */,
				53D24900290737540063E2AD /* Alamofire in Frameworks */,
			);
			runOnlyForDeploymentPostprocessing = 0;
		};
/* End PBXFrameworksBuildPhase section */

/* Begin PBXGroup section */
		535FC6562914E2200098DFFD /* View */ = {
			isa = PBXGroup;
			children = (
				535FC65A2914E2B20098DFFD /* Cell */,
				539F405829185A0E009E3F90 /* MovieHomeController.swift */,
				535FC65F2914E2DD0098DFFD /* MovieDetailScreen.swift */,
			);
			path = View;
			sourceTree = "<group>";
		};
		535FC6572914E2280098DFFD /* ViewModel */ = {
			isa = PBXGroup;
			children = (
				535FC6612914E2F30098DFFD /* MovieViewModel.swift */,
			);
			path = ViewModel;
			sourceTree = "<group>";
		};
		535FC65A2914E2B20098DFFD /* Cell */ = {
			isa = PBXGroup;
			children = (
				535FC65B2914E2C20098DFFD /* MovieListCell.swift */,
			);
			path = Cell;
			sourceTree = "<group>";
		};
		535FC6632914E3240098DFFD /* NetworkConstant */ = {
			isa = PBXGroup;
			children = (
				535FC6642914E3390098DFFD /* NetworkConstant.swift */,
			);
			path = NetworkConstant;
			sourceTree = "<group>";
		};
		535FC6662914E34C0098DFFD /* HomeExtension */ = {
			isa = PBXGroup;
			children = (
				535FC6672914E35F0098DFFD /* HomeExtension.swift */,
			);
			path = HomeExtension;
			sourceTree = "<group>";
		};
		53D248CE29072E7C0063E2AD = {
			isa = PBXGroup;
			children = (
				53D248D929072E7C0063E2AD /* MyMovieApp */,
				53D248D829072E7C0063E2AD /* Products */,
			);
			sourceTree = "<group>";
		};
		53D248D829072E7C0063E2AD /* Products */ = {
			isa = PBXGroup;
			children = (
				53D248D729072E7C0063E2AD /* MyMovieApp.app */,
			);
			name = Products;
			sourceTree = "<group>";
		};
		53D248D929072E7C0063E2AD /* MyMovieApp */ = {
			isa = PBXGroup;
			children = (
				535FC6562914E2200098DFFD /* View */,
				535FC6572914E2280098DFFD /* ViewModel */,
				53DCD1C1290878FD0062309A /* Constant */,
				53D248F92907358B0063E2AD /* Model */,
				53D248F7290734DB0063E2AD /* WebService */,
				53D248F229072F3B0063E2AD /* Resource */,
				53D248EE29072EFD0063E2AD /* App */,
			);
			path = MyMovieApp;
			sourceTree = "<group>";
		};
		53D248EE29072EFD0063E2AD /* App */ = {
			isa = PBXGroup;
			children = (
				539F405629184DED009E3F90 /* AppDelegate.swift */,
				53D248DC29072E7C0063E2AD /* SceneDelegate.swift */,
			);
			path = App;
			sourceTree = "<group>";
		};
		53D248F229072F3B0063E2AD /* Resource */ = {
			isa = PBXGroup;
			children = (
				53D248E829072E7D0063E2AD /* Info.plist */,
				53D248E329072E7D0063E2AD /* Assets.xcassets */,
				53D248E529072E7D0063E2AD /* LaunchScreen.storyboard */,
			);
			path = Resource;
			sourceTree = "<group>";
		};
		53D248F7290734DB0063E2AD /* WebService */ = {
			isa = PBXGroup;
			children = (
				53DCD1BF290877240062309A /* WebService.swift */,
			);
			path = WebService;
			sourceTree = "<group>";
		};
		53D248F92907358B0063E2AD /* Model */ = {
			isa = PBXGroup;
			children = (
				53D2490429073B740063E2AD /* MovieModel.swift */,
				535FC6692914E3840098DFFD /* MovieDetailModel.swift */,
			);
			path = Model;
			sourceTree = "<group>";
		};
		53DCD1C1290878FD0062309A /* Constant */ = {
			isa = PBXGroup;
			children = (
				53DCD1C2290879100062309A /* Constant.swift */,
				535FC6632914E3240098DFFD /* NetworkConstant */,
				535FC6662914E34C0098DFFD /* HomeExtension */,
			);
			path = Constant;
			sourceTree = "<group>";
		};
/* End PBXGroup section */

/* Begin PBXNativeTarget section */
		53D248D629072E7C0063E2AD /* MyMovieApp */ = {
			isa = PBXNativeTarget;
			buildConfigurationList = 53D248EB29072E7D0063E2AD /* Build configuration list for PBXNativeTarget "MyMovieApp" */;
			buildPhases = (
				53D248D329072E7C0063E2AD /* Sources */,
				53D248D429072E7C0063E2AD /* Frameworks */,
				53D248D529072E7C0063E2AD /* Resources */,
			);
			buildRules = (
			);
			dependencies = (
			);
			name = MyMovieApp;
			packageProductDependencies = (
				53D248FC290736960063E2AD /* SnapKit */,
				53D248FF290737540063E2AD /* Alamofire */,
				53D249022907377A0063E2AD /* Kingfisher */,
			);
			productName = MyMovieApp;
			productReference = 53D248D729072E7C0063E2AD /* MyMovieApp.app */;
			productType = "com.apple.product-type.application";
		};
/* End PBXNativeTarget section */

/* Begin PBXProject section */
		53D248CF29072E7C0063E2AD /* Project object */ = {
			isa = PBXProject;
			attributes = {
				BuildIndependentTargetsInParallel = 1;
				LastSwiftUpdateCheck = 1400;
				LastUpgradeCheck = 1400;
				TargetAttributes = {
					53D248D629072E7C0063E2AD = {
						CreatedOnToolsVersion = 14.0.1;
					};
				};
			};
			buildConfigurationList = 53D248D229072E7C0063E2AD /* Build configuration list for PBXProject "MyMovieApp" */;
			compatibilityVersion = "Xcode 14.0";
			developmentRegion = en;
			hasScannedForEncodings = 0;
			knownRegions = (
				en,
				Base,
			);
			mainGroup = 53D248CE29072E7C0063E2AD;
			packageReferences = (
				53D248FB290736950063E2AD /* XCRemoteSwiftPackageReference "SnapKit" */,
				53D248FE290737540063E2AD /* XCRemoteSwiftPackageReference "Alamofire" */,
				53D249012907377A0063E2AD /* XCRemoteSwiftPackageReference "Kingfisher" */,
			);
			productRefGroup = 53D248D829072E7C0063E2AD /* Products */;
			projectDirPath = "";
			projectRoot = "";
			targets = (
				53D248D629072E7C0063E2AD /* MyMovieApp */,
			);
		};
/* End PBXProject section */

/* Begin PBXResourcesBuildPhase section */
		53D248D529072E7C0063E2AD /* Resources */ = {
			isa = PBXResourcesBuildPhase;
			buildActionMask = 2147483647;
			files = (
				53D248E729072E7D0063E2AD /* LaunchScreen.storyboard in Resources */,
				53D248E429072E7D0063E2AD /* Assets.xcassets in Resources */,
			);
			runOnlyForDeploymentPostprocessing = 0;
		};
/* End PBXResourcesBuildPhase section */

/* Begin PBXSourcesBuildPhase section */
		53D248D329072E7C0063E2AD /* Sources */ = {
			isa = PBXSourcesBuildPhase;
			buildActionMask = 2147483647;
			files = (
				539F405729184DED009E3F90 /* AppDelegate.swift in Sources */,
				53DCD1C3290879100062309A /* Constant.swift in Sources */,
				535FC6602914E2DD0098DFFD /* MovieDetailScreen.swift in Sources */,
				53D2490529073B740063E2AD /* MovieModel.swift in Sources */,
				535FC6652914E3390098DFFD /* NetworkConstant.swift in Sources */,
				539F405929185A0E009E3F90 /* MovieHomeController.swift in Sources */,
				53D248DD29072E7C0063E2AD /* SceneDelegate.swift in Sources */,
				53DCD1C0290877240062309A /* WebService.swift in Sources */,
				535FC65C2914E2C20098DFFD /* MovieListCell.swift in Sources */,
				535FC6622914E2F30098DFFD /* MovieViewModel.swift in Sources */,
				535FC6682914E35F0098DFFD /* HomeExtension.swift in Sources */,
				535FC66A2914E3840098DFFD /* MovieDetailModel.swift in Sources */,
			);
			runOnlyForDeploymentPostprocessing = 0;
		};
/* End PBXSourcesBuildPhase section */

/* Begin PBXVariantGroup section */
		53D248E529072E7D0063E2AD /* LaunchScreen.storyboard */ = {
			isa = PBXVariantGroup;
			children = (
				53D248E629072E7D0063E2AD /* Base */,
			);
			name = LaunchScreen.storyboard;
			sourceTree = "<group>";
		};
/* End PBXVariantGroup section */

/* Begin XCBuildConfiguration section */
		53D248E929072E7D0063E2AD /* Debug */ = {
			isa = XCBuildConfiguration;
			buildSettings = {
				ALWAYS_SEARCH_USER_PATHS = NO;
				CLANG_ANALYZER_NONNULL = YES;
				CLANG_ANALYZER_NUMBER_OBJECT_CONVERSION = YES_AGGRESSIVE;
				CLANG_CXX_LANGUAGE_STANDARD = "gnu++20";
				CLANG_ENABLE_MODULES = YES;
				CLANG_ENABLE_OBJC_ARC = YES;
				CLANG_ENABLE_OBJC_WEAK = YES;
				CLANG_WARN_BLOCK_CAPTURE_AUTORELEASING = YES;
				CLANG_WARN_BOOL_CONVERSION = YES;
				CLANG_WARN_COMMA = YES;
				CLANG_WARN_CONSTANT_CONVERSION = YES;
				CLANG_WARN_DEPRECATED_OBJC_IMPLEMENTATIONS = YES;
				CLANG_WARN_DIRECT_OBJC_ISA_USAGE = YES_ERROR;
				CLANG_WARN_DOCUMENTATION_COMMENTS = YES;
				CLANG_WARN_EMPTY_BODY = YES;
				CLANG_WARN_ENUM_CONVERSION = YES;
				CLANG_WARN_INFINITE_RECURSION = YES;
				CLANG_WARN_INT_CONVERSION = YES;
				CLANG_WARN_NON_LITERAL_NULL_CONVERSION = YES;
				CLANG_WARN_OBJC_IMPLICIT_RETAIN_SELF = YES;
				CLANG_WARN_OBJC_LITERAL_CONVERSION = YES;
				CLANG_WARN_OBJC_ROOT_CLASS = YES_ERROR;
				CLANG_WARN_QUOTED_INCLUDE_IN_FRAMEWORK_HEADER = YES;
				CLANG_WARN_RANGE_LOOP_ANALYSIS = YES;
				CLANG_WARN_STRICT_PROTOTYPES = YES;
				CLANG_WARN_SUSPICIOUS_MOVE = YES;
				CLANG_WARN_UNGUARDED_AVAILABILITY = YES_AGGRESSIVE;
				CLANG_WARN_UNREACHABLE_CODE = YES;
				CLANG_WARN__DUPLICATE_METHOD_MATCH = YES;
				COPY_PHASE_STRIP = NO;
				DEBUG_INFORMATION_FORMAT = dwarf;
				ENABLE_STRICT_OBJC_MSGSEND = YES;
				ENABLE_TESTABILITY = YES;
				GCC_C_LANGUAGE_STANDARD = gnu11;
				GCC_DYNAMIC_NO_PIC = NO;
				GCC_NO_COMMON_BLOCKS = YES;
				GCC_OPTIMIZATION_LEVEL = 0;
				GCC_PREPROCESSOR_DEFINITIONS = (
					"DEBUG=1",
					"$(inherited)",
				);
				GCC_WARN_64_TO_32_BIT_CONVERSION = YES;
				GCC_WARN_ABOUT_RETURN_TYPE = YES_ERROR;
				GCC_WARN_UNDECLARED_SELECTOR = YES;
				GCC_WARN_UNINITIALIZED_AUTOS = YES_AGGRESSIVE;
				GCC_WARN_UNUSED_FUNCTION = YES;
				GCC_WARN_UNUSED_VARIABLE = YES;
				IPHONEOS_DEPLOYMENT_TARGET = 16.0;
				MTL_ENABLE_DEBUG_INFO = INCLUDE_SOURCE;
				MTL_FAST_MATH = YES;
				ONLY_ACTIVE_ARCH = YES;
				SDKROOT = iphoneos;
				SWIFT_ACTIVE_COMPILATION_CONDITIONS = DEBUG;
				SWIFT_OPTIMIZATION_LEVEL = "-Onone";
			};
			name = Debug;
		};
		53D248EA29072E7D0063E2AD /* Release */ = {
			isa = XCBuildConfiguration;
			buildSettings = {
				ALWAYS_SEARCH_USER_PATHS = NO;
				CLANG_ANALYZER_NONNULL = YES;
				CLANG_ANALYZER_NUMBER_OBJECT_CONVERSION = YES_AGGRESSIVE;
				CLANG_CXX_LANGUAGE_STANDARD = "gnu++20";
				CLANG_ENABLE_MODULES = YES;
				CLANG_ENABLE_OBJC_ARC = YES;
				CLANG_ENABLE_OBJC_WEAK = YES;
				CLANG_WARN_BLOCK_CAPTURE_AUTORELEASING = YES;
				CLANG_WARN_BOOL_CONVERSION = YES;
				CLANG_WARN_COMMA = YES;
				CLANG_WARN_CONSTANT_CONVERSION = YES;
				CLANG_WARN_DEPRECATED_OBJC_IMPLEMENTATIONS = YES;
				CLANG_WARN_DIRECT_OBJC_ISA_USAGE = YES_ERROR;
				CLANG_WARN_DOCUMENTATION_COMMENTS = YES;
				CLANG_WARN_EMPTY_BODY = YES;
				CLANG_WARN_ENUM_CONVERSION = YES;
				CLANG_WARN_INFINITE_RECURSION = YES;
				CLANG_WARN_INT_CONVERSION = YES;
				CLANG_WARN_NON_LITERAL_NULL_CONVERSION = YES;
				CLANG_WARN_OBJC_IMPLICIT_RETAIN_SELF = YES;
				CLANG_WARN_OBJC_LITERAL_CONVERSION = YES;
				CLANG_WARN_OBJC_ROOT_CLASS = YES_ERROR;
				CLANG_WARN_QUOTED_INCLUDE_IN_FRAMEWORK_HEADER = YES;
				CLANG_WARN_RANGE_LOOP_ANALYSIS = YES;
				CLANG_WARN_STRICT_PROTOTYPES = YES;
				CLANG_WARN_SUSPICIOUS_MOVE = YES;
				CLANG_WARN_UNGUARDED_AVAILABILITY = YES_AGGRESSIVE;
				CLANG_WARN_UNREACHABLE_CODE = YES;
				CLANG_WARN__DUPLICATE_METHOD_MATCH = YES;
				COPY_PHASE_STRIP = NO;
				DEBUG_INFORMATION_FORMAT = "dwarf-with-dsym";
				ENABLE_NS_ASSERTIONS = NO;
				ENABLE_STRICT_OBJC_MSGSEND = YES;
				GCC_C_LANGUAGE_STANDARD = gnu11;
				GCC_NO_COMMON_BLOCKS = YES;
				GCC_WARN_64_TO_32_BIT_CONVERSION = YES;
				GCC_WARN_ABOUT_RETURN_TYPE = YES_ERROR;
				GCC_WARN_UNDECLARED_SELECTOR = YES;
				GCC_WARN_UNINITIALIZED_AUTOS = YES_AGGRESSIVE;
				GCC_WARN_UNUSED_FUNCTION = YES;
				GCC_WARN_UNUSED_VARIABLE = YES;
				IPHONEOS_DEPLOYMENT_TARGET = 16.0;
				MTL_ENABLE_DEBUG_INFO = NO;
				MTL_FAST_MATH = YES;
				SDKROOT = iphoneos;
				SWIFT_COMPILATION_MODE = wholemodule;
				SWIFT_OPTIMIZATION_LEVEL = "-O";
				VALIDATE_PRODUCT = YES;
			};
			name = Release;
		};
		53D248EC29072E7D0063E2AD /* Debug */ = {
			isa = XCBuildConfiguration;
			buildSettings = {
				ASSETCATALOG_COMPILER_APPICON_NAME = AppIcon;
				ASSETCATALOG_COMPILER_GLOBAL_ACCENT_COLOR_NAME = AccentColor;
				CODE_SIGN_STYLE = Automatic;
				CURRENT_PROJECT_VERSION = 1;
				DEVELOPMENT_TEAM = CX96D33NW5;
				GENERATE_INFOPLIST_FILE = YES;
				INFOPLIST_FILE = MyMovieApp/Resource/Info.plist;
				INFOPLIST_KEY_UIApplicationSupportsIndirectInputEvents = YES;
				INFOPLIST_KEY_UILaunchStoryboardName = "";
				INFOPLIST_KEY_UISupportedInterfaceOrientations_iPad = "UIInterfaceOrientationPortrait UIInterfaceOrientationPortraitUpsideDown UIInterfaceOrientationLandscapeLeft UIInterfaceOrientationLandscapeRight";
				INFOPLIST_KEY_UISupportedInterfaceOrientations_iPhone = "UIInterfaceOrientationPortrait UIInterfaceOrientationLandscapeLeft UIInterfaceOrientationLandscapeRight";
				IPHONEOS_DEPLOYMENT_TARGET = 13.0;
				LD_RUNPATH_SEARCH_PATHS = (
					"$(inherited)",
					"@executable_path/Frameworks",
				);
				MARKETING_VERSION = 1.0.1;
				PRODUCT_BUNDLE_IDENTIFIER = com.huseyinhobek.MyMovieApp;
				PRODUCT_NAME = "$(TARGET_NAME)";
				SUPPORTED_PLATFORMS = "iphoneos iphonesimulator";
				SUPPORTS_MACCATALYST = NO;
				SUPPORTS_MAC_DESIGNED_FOR_IPHONE_IPAD = NO;
				SWIFT_EMIT_LOC_STRINGS = YES;
				SWIFT_VERSION = 5.0;
				TARGETED_DEVICE_FAMILY = 1;
			};
			name = Debug;
		};
		53D248ED29072E7D0063E2AD /* Release */ = {
			isa = XCBuildConfiguration;
			buildSettings = {
				ASSETCATALOG_COMPILER_APPICON_NAME = AppIcon;
				ASSETCATALOG_COMPILER_GLOBAL_ACCENT_COLOR_NAME = AccentColor;
				CODE_SIGN_STYLE = Automatic;
				CURRENT_PROJECT_VERSION = 1;
				DEVELOPMENT_TEAM = CX96D33NW5;
				GENERATE_INFOPLIST_FILE = YES;
				INFOPLIST_FILE = MyMovieApp/Resource/Info.plist;
				INFOPLIST_KEY_UIApplicationSupportsIndirectInputEvents = YES;
				INFOPLIST_KEY_UILaunchStoryboardName = "";
				INFOPLIST_KEY_UISupportedInterfaceOrientations_iPad = "UIInterfaceOrientationPortrait UIInterfaceOrientationPortraitUpsideDown UIInterfaceOrientationLandscapeLeft UIInterfaceOrientationLandscapeRight";
				INFOPLIST_KEY_UISupportedInterfaceOrientations_iPhone = "UIInterfaceOrientationPortrait UIInterfaceOrientationLandscapeLeft UIInterfaceOrientationLandscapeRight";
				IPHONEOS_DEPLOYMENT_TARGET = 13.0;
				LD_RUNPATH_SEARCH_PATHS = (
					"$(inherited)",
					"@executable_path/Frameworks",
				);
				MARKETING_VERSION = 1.0.1;
				PRODUCT_BUNDLE_IDENTIFIER = com.huseyinhobek.MyMovieApp;
				PRODUCT_NAME = "$(TARGET_NAME)";
				SUPPORTED_PLATFORMS = "iphoneos iphonesimulator";
				SUPPORTS_MACCATALYST = NO;
				SUPPORTS_MAC_DESIGNED_FOR_IPHONE_IPAD = NO;
				SWIFT_EMIT_LOC_STRINGS = YES;
				SWIFT_VERSION = 5.0;
				TARGETED_DEVICE_FAMILY = 1;
			};
			name = Release;
		};
/* End XCBuildConfiguration section */

/* Begin XCConfigurationList section */
		53D248D229072E7C0063E2AD /* Build configuration list for PBXProject "MyMovieApp" */ = {
			isa = XCConfigurationList;
			buildConfigurations = (
				53D248E929072E7D0063E2AD /* Debug */,
				53D248EA29072E7D0063E2AD /* Release */,
			);
			defaultConfigurationIsVisible = 0;
			defaultConfigurationName = Release;
		};
		53D248EB29072E7D0063E2AD /* Build configuration list for PBXNativeTarget "MyMovieApp" */ = {
			isa = XCConfigurationList;
			buildConfigurations = (
				53D248EC29072E7D0063E2AD /* Debug */,
				53D248ED29072E7D0063E2AD /* Release */,
			);
			defaultConfigurationIsVisible = 0;
			defaultConfigurationName = Release;
		};
/* End XCConfigurationList section */

/* Begin XCRemoteSwiftPackageReference section */
		53D248FB290736950063E2AD /* XCRemoteSwiftPackageReference "SnapKit" */ = {
			isa = XCRemoteSwiftPackageReference;
			repositoryURL = "https://github.com/SnapKit/SnapKit";
			requirement = {
				kind = upToNextMajorVersion;
				minimumVersion = 5.0.0;
			};
		};
		53D248FE290737540063E2AD /* XCRemoteSwiftPackageReference "Alamofire" */ = {
			isa = XCRemoteSwiftPackageReference;
			repositoryURL = "https://github.com/Alamofire/Alamofire";
			requirement = {
				branch = master;
				kind = branch;
			};
		};
		53D249012907377A0063E2AD /* XCRemoteSwiftPackageReference "Kingfisher" */ = {
			isa = XCRemoteSwiftPackageReference;
			repositoryURL = "https://github.com/onevcat/Kingfisher";
			requirement = {
				branch = master;
				kind = branch;
			};
		};
/* End XCRemoteSwiftPackageReference section */

/* Begin XCSwiftPackageProductDependency section */
		53D248FC290736960063E2AD /* SnapKit */ = {
			isa = XCSwiftPackageProductDependency;
			package = 53D248FB290736950063E2AD /* XCRemoteSwiftPackageReference "SnapKit" */;
			productName = SnapKit;
		};
		53D248FF290737540063E2AD /* Alamofire */ = {
			isa = XCSwiftPackageProductDependency;
			package = 53D248FE290737540063E2AD /* XCRemoteSwiftPackageReference "Alamofire" */;
			productName = Alamofire;
		};
		53D249022907377A0063E2AD /* Kingfisher */ = {
			isa = XCSwiftPackageProductDependency;
			package = 53D249012907377A0063E2AD /* XCRemoteSwiftPackageReference "Kingfisher" */;
			productName = Kingfisher;
		};
/* End XCSwiftPackageProductDependency section */
	};
	rootObject = 53D248CF29072E7C0063E2AD /* Project object */;
}
